
Microsoft Visual Studio Solution File, Format Version 12.00
# Visual Studio 14
VisualStudioVersion = 14.0.23107.0
MinimumVisualStudioVersion = 10.0.40219.1
Project("{FAE04EC0-301F-11D3-BF4B-00C04F79EFBC}") = "AsgSearch.DAL", "AsgSearch.DAL\AsgSearch.DAL.csproj", "{063BFBF2-CF1F-4485-932F-01D74B5A38FC}"
EndProject
Project("{FAE04EC0-301F-11D3-BF4B-00C04F79EFBC}") = "AsgSearch.web", "AsgSearch.web\AsgSearch.web.csproj", "{325D5829-369D-44E6-9D0E-98DC8F3AD09C}"
EndProject
Global
	GlobalSection(SolutionConfigurationPlatforms) = preSolution
		Debug|Any CPU = Debug|Any CPU
		Release|Any CPU = Release|Any CPU
	EndGlobalSection
	GlobalSection(ProjectConfigurationPlatforms) = postSolution
		{063BFBF2-CF1F-4485-932F-01D74B5A38FC}.Debug|Any CPU.ActiveCfg = Debug|Any CPU
		{063BFBF2-CF1F-4485-932F-01D74B5A38FC}.Debug|Any CPU.Build.0 = Debug|Any CPU
		{063BFBF2-CF1F-4485-932F-01D74B5A38FC}.Release|Any CPU.ActiveCfg = Release|Any CPU
		{063BFBF2-CF1F-4485-932F-01D74B5A38FC}.Release|Any CPU.Build.0 = Release|Any CPU
		{325D5829-369D-44E6-9D0E-98DC8F3AD09C}.Debug|Any CPU.ActiveCfg = Debug|Any CPU
		{325D5829-369D-44E6-9D0E-98DC8F3AD09C}.Debug|Any CPU.Build.0 = Debug|Any CPU
		{325D5829-369D-44E6-9D0E-98DC8F3AD09C}.Release|Any CPU.ActiveCfg = Release|Any CPU
		{325D5829-369D-44E6-9D0E-98DC8F3AD09C}.Release|Any CPU.Build.0 = Release|Any CPU
	EndGlobalSection
	GlobalSection(SolutionProperties) = preSolution
		HideSolutionNode = FALSE
	EndGlobalSection
	GlobalSection(TeamFoundationVersionControl) = preSolution
		SccNumberOfProjects = 3
		SccEnterpriseProvider = {4CA58AB2-18FA-4F8D-95D4-32DDF27D184C}
		SccTeamFoundationServer = https://nagaraj1990.visualstudio.com/defaultcollection
		SccLocalPath0 = .
		SccProjectUniqueName1 = AsgSearch.DAL\\AsgSearch.DAL.csproj
		SccProjectName1 = AsgSearch.DAL
		SccLocalPath1 = AsgSearch.DAL
		SccProjectUniqueName2 = AsgSearch.web\\AsgSearch.web.csproj
		SccProjectName2 = AsgSearch.web
		SccLocalPath2 = AsgSearch.web
	EndGlobalSection
EndGlobal
