
Microsoft Visual Studio Solution File, Format Version 12.00
# Visual Studio 14
VisualStudioVersion = 14.0.23107.0
MinimumVisualStudioVersion = 10.0.40219.1
Project("{2150E333-8FDC-42A3-9474-1A3956D46DE8}") = "Solution Items", "Solution Items", "{0209E300-4BEA-415A-8D3B-B3AE8FF7D982}"
	ProjectSection(SolutionItems) = preProject
		Local.testsettings = Local.testsettings
		NTRquizzes.vsmdi = NTRquizzes.vsmdi
		TraceAndTestImpact.testsettings = TraceAndTestImpact.testsettings
	EndProjectSection
EndProject
Project("{FAE04EC0-301F-11D3-BF4B-00C04F79EFBC}") = "AsgQuizzes", "AsgQuizzes\AsgQuizzes.csproj", "{5CAA71BB-C699-4B9C-8F68-201C1A216C9A}"
EndProject
Project("{FAE04EC0-301F-11D3-BF4B-00C04F79EFBC}") = "AsgQuizzes.Tests", "AsgQuizzes.Tests\AsgQuizzes.Tests.csproj", "{669B6B13-D0E6-45E6-A088-5E88FD974CAC}"
EndProject
Global
	GlobalSection(SolutionConfigurationPlatforms) = preSolution
		Debug|Any CPU = Debug|Any CPU
		Release|Any CPU = Release|Any CPU
	EndGlobalSection
	GlobalSection(ProjectConfigurationPlatforms) = postSolution
		{5CAA71BB-C699-4B9C-8F68-201C1A216C9A}.Debug|Any CPU.ActiveCfg = Debug|Any CPU
		{5CAA71BB-C699-4B9C-8F68-201C1A216C9A}.Debug|Any CPU.Build.0 = Debug|Any CPU
		{5CAA71BB-C699-4B9C-8F68-201C1A216C9A}.Release|Any CPU.ActiveCfg = Release|Any CPU
		{5CAA71BB-C699-4B9C-8F68-201C1A216C9A}.Release|Any CPU.Build.0 = Release|Any CPU
		{669B6B13-D0E6-45E6-A088-5E88FD974CAC}.Debug|Any CPU.ActiveCfg = Debug|Any CPU
		{669B6B13-D0E6-45E6-A088-5E88FD974CAC}.Debug|Any CPU.Build.0 = Debug|Any CPU
		{669B6B13-D0E6-45E6-A088-5E88FD974CAC}.Release|Any CPU.ActiveCfg = Release|Any CPU
		{669B6B13-D0E6-45E6-A088-5E88FD974CAC}.Release|Any CPU.Build.0 = Release|Any CPU
	EndGlobalSection
	GlobalSection(SolutionProperties) = preSolution
		HideSolutionNode = FALSE
	EndGlobalSection
	GlobalSection(ExtensibilityGlobals) = postSolution
		EnterpriseLibraryConfigurationToolBinariesPath = packages\Unity.2.1.505.2\lib\NET35
	EndGlobalSection
	GlobalSection(TeamFoundationVersionControl) = preSolution
		SccNumberOfProjects = 3
		SccEnterpriseProvider = {4CA58AB2-18FA-4F8D-95D4-32DDF27D184C}
		SccTeamFoundationServer = https://nagaraj1990.visualstudio.com/defaultcollection
		SccLocalPath0 = .
		SccProjectUniqueName1 = AsgQuizzes.Tests\\AsgQuizzes.Tests.csproj
		SccProjectName1 = AsgQuizzes.Tests
		SccLocalPath1 = AsgQuizzes.Tests
		SccProjectUniqueName2 = AsgQuizzes\\AsgQuizzes.csproj
		SccProjectName2 = AsgQuizzes
		SccLocalPath2 = AsgQuizzes
	EndGlobalSection
	GlobalSection(TestCaseManagementSettings) = postSolution
		CategoryFile = NTRquizzes.vsmdi
	EndGlobalSection
EndGlobal
